
Microsoft Visual Studio Solution File, Format Version 12.00
# Visual Studio Version 16
VisualStudioVersion = 16.0.32901.82
MinimumVisualStudioVersion = 10.0.40219.1
Project("{FAE04EC0-301F-11D3-BF4B-00C04F79EFBC}") = "Einde programmeertool", "Einde programmeertool\Einde programmeertool.csproj", "{49CDC646-1755-4424-9767-AF23E9ED5362}"
EndProject
Global
	GlobalSection(SolutionConfigurationPlatforms) = preSolution
		Debug|Any CPU = Debug|Any CPU
		Release|Any CPU = Release|Any CPU
	EndGlobalSection
	GlobalSection(ProjectConfigurationPlatforms) = postSolution
		{49CDC646-1755-4424-9767-AF23E9ED5362}.Debug|Any CPU.ActiveCfg = Debug|Any CPU
		{49CDC646-1755-4424-9767-AF23E9ED5362}.Debug|Any CPU.Build.0 = Debug|Any CPU
		{49CDC646-1755-4424-9767-AF23E9ED5362}.Release|Any CPU.ActiveCfg = Release|Any CPU
		{49CDC646-1755-4424-9767-AF23E9ED5362}.Release|Any CPU.Build.0 = Release|Any CPU
	EndGlobalSection
	GlobalSection(SolutionProperties) = preSolution
		HideSolutionNode = FALSE
	EndGlobalSection
	GlobalSection(ExtensibilityGlobals) = postSolution
		SolutionGuid = {7B294351-DB8B-41E1-94D8-667C261DF884}
	EndGlobalSection
EndGlobal
